
Microsoft Visual Studio Solution File, Format Version 12.00
# Visual Studio Version 16
VisualStudioVersion = 16.0.30503.244
MinimumVisualStudioVersion = 10.0.40219.1
Project("{9A19103F-16F7-4668-BE54-9A1E7A4F7556}") = "Presentation.Console", "App\Presentation.Console.csproj", "{71C38C63-ACAF-4E2C-B8A8-3C9D4AF216E8}"
EndProject
Project("{FAE04EC0-301F-11D3-BF4B-00C04F79EFBC}") = "Domain", "Domain\Domain.csproj", "{8845F8EF-FB3F-43EC-A774-FD5DE3CC170A}"
EndProject
Project("{FAE04EC0-301F-11D3-BF4B-00C04F79EFBC}") = "Application", "Application\Application.csproj", "{25DA9D91-4849-4C8C-A4B6-4B85A7079864}"
EndProject
Project("{FAE04EC0-301F-11D3-BF4B-00C04F79EFBC}") = "Tests", "Tests\Tests.csproj", "{99CDD1EE-E654-4687-843A-9BB92536E2A8}"
EndProject
Project("{FAE04EC0-301F-11D3-BF4B-00C04F79EFBC}") = "Infrastructure.Data", "Infrastructure.Data\Infrastructure.Data.csproj", "{4BE57135-0553-4EAC-AE97-3EECE1D6EFA2}"
EndProject
Global
	GlobalSection(SolutionConfigurationPlatforms) = preSolution
		Debug|Any CPU = Debug|Any CPU
		Release|Any CPU = Release|Any CPU
	EndGlobalSection
	GlobalSection(ProjectConfigurationPlatforms) = postSolution
		{71C38C63-ACAF-4E2C-B8A8-3C9D4AF216E8}.Debug|Any CPU.ActiveCfg = Debug|Any CPU
		{71C38C63-ACAF-4E2C-B8A8-3C9D4AF216E8}.Debug|Any CPU.Build.0 = Debug|Any CPU
		{71C38C63-ACAF-4E2C-B8A8-3C9D4AF216E8}.Release|Any CPU.ActiveCfg = Release|Any CPU
		{71C38C63-ACAF-4E2C-B8A8-3C9D4AF216E8}.Release|Any CPU.Build.0 = Release|Any CPU
		{8845F8EF-FB3F-43EC-A774-FD5DE3CC170A}.Debug|Any CPU.ActiveCfg = Debug|Any CPU
		{8845F8EF-FB3F-43EC-A774-FD5DE3CC170A}.Debug|Any CPU.Build.0 = Debug|Any CPU
		{8845F8EF-FB3F-43EC-A774-FD5DE3CC170A}.Release|Any CPU.ActiveCfg = Release|Any CPU
		{8845F8EF-FB3F-43EC-A774-FD5DE3CC170A}.Release|Any CPU.Build.0 = Release|Any CPU
		{25DA9D91-4849-4C8C-A4B6-4B85A7079864}.Debug|Any CPU.ActiveCfg = Debug|Any CPU
		{25DA9D91-4849-4C8C-A4B6-4B85A7079864}.Debug|Any CPU.Build.0 = Debug|Any CPU
		{25DA9D91-4849-4C8C-A4B6-4B85A7079864}.Release|Any CPU.ActiveCfg = Release|Any CPU
		{25DA9D91-4849-4C8C-A4B6-4B85A7079864}.Release|Any CPU.Build.0 = Release|Any CPU
		{99CDD1EE-E654-4687-843A-9BB92536E2A8}.Debug|Any CPU.ActiveCfg = Debug|Any CPU
		{99CDD1EE-E654-4687-843A-9BB92536E2A8}.Debug|Any CPU.Build.0 = Debug|Any CPU
		{99CDD1EE-E654-4687-843A-9BB92536E2A8}.Release|Any CPU.ActiveCfg = Release|Any CPU
		{99CDD1EE-E654-4687-843A-9BB92536E2A8}.Release|Any CPU.Build.0 = Release|Any CPU
		{4BE57135-0553-4EAC-AE97-3EECE1D6EFA2}.Debug|Any CPU.ActiveCfg = Debug|Any CPU
		{4BE57135-0553-4EAC-AE97-3EECE1D6EFA2}.Debug|Any CPU.Build.0 = Debug|Any CPU
		{4BE57135-0553-4EAC-AE97-3EECE1D6EFA2}.Release|Any CPU.ActiveCfg = Release|Any CPU
		{4BE57135-0553-4EAC-AE97-3EECE1D6EFA2}.Release|Any CPU.Build.0 = Release|Any CPU
	EndGlobalSection
	GlobalSection(SolutionProperties) = preSolution
		HideSolutionNode = FALSE
	EndGlobalSection
	GlobalSection(ExtensibilityGlobals) = postSolution
		SolutionGuid = {CDAA9CDA-1156-4DC3-9313-3021D16D2057}
	EndGlobalSection
EndGlobal
